
Microsoft Visual Studio Solution File, Format Version 12.00
# Visual Studio Version 17
VisualStudioVersion = 17.10.35004.147
MinimumVisualStudioVersion = 10.0.40219.1
Project("{9A19103F-16F7-4668-BE54-9A1E7A4F7556}") = "Waracle.HotelBooking", "Waracle.HotelBooking\Waracle.HotelBooking.csproj", "{0F838424-F9D0-4911-8D77-9CBAB3EEC343}"
EndProject
Project("{FAE04EC0-301F-11D3-BF4B-00C04F79EFBC}") = "Waracle.HotelBooking.Data", "Waracle.HotelBooking.Data\Waracle.HotelBooking.Data.csproj", "{A1DD9BAF-40A5-4C53-BD35-3048476A4D8D}"
EndProject
Global
	GlobalSection(SolutionConfigurationPlatforms) = preSolution
		Debug|Any CPU = Debug|Any CPU
		Release|Any CPU = Release|Any CPU
	EndGlobalSection
	GlobalSection(ProjectConfigurationPlatforms) = postSolution
		{0F838424-F9D0-4911-8D77-9CBAB3EEC343}.Debug|Any CPU.ActiveCfg = Debug|Any CPU
		{0F838424-F9D0-4911-8D77-9CBAB3EEC343}.Debug|Any CPU.Build.0 = Debug|Any CPU
		{0F838424-F9D0-4911-8D77-9CBAB3EEC343}.Release|Any CPU.ActiveCfg = Release|Any CPU
		{0F838424-F9D0-4911-8D77-9CBAB3EEC343}.Release|Any CPU.Build.0 = Release|Any CPU
		{A1DD9BAF-40A5-4C53-BD35-3048476A4D8D}.Debug|Any CPU.ActiveCfg = Debug|Any CPU
		{A1DD9BAF-40A5-4C53-BD35-3048476A4D8D}.Debug|Any CPU.Build.0 = Debug|Any CPU
		{A1DD9BAF-40A5-4C53-BD35-3048476A4D8D}.Release|Any CPU.ActiveCfg = Release|Any CPU
		{A1DD9BAF-40A5-4C53-BD35-3048476A4D8D}.Release|Any CPU.Build.0 = Release|Any CPU
	EndGlobalSection
	GlobalSection(SolutionProperties) = preSolution
		HideSolutionNode = FALSE
	EndGlobalSection
	GlobalSection(ExtensibilityGlobals) = postSolution
		SolutionGuid = {FF53C8A3-91AF-42A5-B4F9-840BFBC563C8}
	EndGlobalSection
EndGlobal
